{
  "nodes": {
    "fenix": {
      "inputs": {
        "nixpkgs": [
          "unstable"
        ],
        "rust-analyzer-src": "rust-analyzer-src"
      },
      "locked": {
        "lastModified": 1661149922,
        "narHash": "sha256-rvYJU7qdQUe82MaZoMVLyCcqQsITB4OK+TuYlT0xXDg=",
        "owner": "nix-community",
        "repo": "fenix",
        "rev": "b30862cd69d405849e4b3e79972da551bf5620bb",
        "type": "github"
      },
      "original": {
        "owner": "nix-community",
        "repo": "fenix",
        "type": "github"
      }
    },
    "flake-utils": {
      "locked": {
        "lastModified": 1644229661,
        "narHash": "sha256-1YdnJAsNy69bpcjuoKdOYQX0YxZBiCYZo4Twxerqv7k=",
        "owner": "numtide",
        "repo": "flake-utils",
        "rev": "3cecb5b042f7f209c56ffd8371b2711a290ec797",
        "type": "github"
      },
      "original": {
        "owner": "numtide",
        "repo": "flake-utils",
        "type": "github"
      }
    },
    "flake-utils-plus": {
      "inputs": {
        "flake-utils": "flake-utils"
      },
      "locked": {
        "lastModified": 1657226504,
        "narHash": "sha256-GIYNjuq4mJlFgqKsZ+YrgzWm0IpA4axA3MCrdKYj7gs=",
        "owner": "gytis-ivaskevicius",
        "repo": "flake-utils-plus",
        "rev": "2bf0f91643c2e5ae38c1b26893ac2927ac9bd82a",
        "type": "github"
      },
      "original": {
        "owner": "gytis-ivaskevicius",
        "repo": "flake-utils-plus",
        "type": "github"
      }
    },
    "nixpkgs": {
      "locked": {
        "lastModified": 1661217378,
        "narHash": "sha256-pckTUDoRx8Z8TOryX9LCAE/1po79KqW742ZIb7NJ4Is=",
        "owner": "nixos",
        "repo": "nixpkgs",
        "rev": "0e78cdd168e5d1517f5c7fa1d8ab56ae41427f26",
        "type": "github"
      },
      "original": {
        "owner": "nixos",
        "ref": "release-22.05",
        "repo": "nixpkgs",
        "type": "github"
      }
    },
    "root": {
      "inputs": {
        "fenix": "fenix",
        "flake-utils-plus": "flake-utils-plus",
        "nixpkgs": "nixpkgs",
        "unstable": "unstable"
      }
    },
    "rust-analyzer-src": {
      "flake": false,
      "locked": {
        "lastModified": 1661084493,
        "narHash": "sha256-G/IElEE6eetQcLpESXCQtuYED/uTrsdeZj8fkqC3FSM=",
        "owner": "rust-lang",
        "repo": "rust-analyzer",
        "rev": "a670ff888437f4b6a3d24cc2996e9f969a87cbae",
        "type": "github"
      },
      "original": {
        "owner": "rust-lang",
        "ref": "nightly",
        "repo": "rust-analyzer",
        "type": "github"
      }
    },
    "unstable": {
      "locked": {
        "lastModified": 1661211323,
        "narHash": "sha256-wgi2qIyQwY6tEQn9IRLQ2XnUNZaZ13GkERe5K/OaXIU=",
        "owner": "nixos",
        "repo": "nixpkgs",
        "rev": "f36ab16d7abaf7bda5ead040bf7c1897e546b881",
        "type": "github"
      },
      "original": {
        "owner": "nixos",
        "repo": "nixpkgs",
        "type": "github"
      }
    }
  },
  "root": "root",
  "version": 7
}
